# THIS IS AN AUTOGENERATED FILE. DO NOT EDIT THIS FILE DIRECTLY.
# yarn lockfile v1


asap@~2.0.6:
  version "2.0.6"
  resolved "https://registry.yarnpkg.com/asap/-/asap-2.0.6.tgz#e50347611d7e690943208bbdafebcbc2fb866d46"
  integrity sha512-BSHWgDSAiKs50o2Re8ppvp3seVHXSRM44cdSsT9FfNEUUZLOGWVCsiWaRPWM1Znn+mqZ1OfVZ3z3DWEzSp7hRA==

commander@*:
  version "9.4.1"
  resolved "https://registry.yarnpkg.com/commander/-/commander-9.4.1.tgz#d1dd8f2ce6faf93147295c0df13c7c21141cfbdd"
  integrity sha512-5EEkTNyHNGFPD2H+c/dXXfQZYa/scCKasxWcXJaWnNJ99pnQN9Vnmqow+p+PlFPE63Q6mThaZws1T+HxfpgtPw==

dotnet@^1.1.4:
  version "1.1.4"
  resolved "https://registry.yarnpkg.com/dotnet/-/dotnet-1.1.4.tgz#7acc945452734c1ae7111002a4287aa30075cf8b"
  integrity sha512-JxRiwvNLTpIkjpphFNovyCARQbrQCMZY4OP7Q61JPGCDpvE3aJnm6Fo6x0LmroGE3L7yo7unKNRZ6aViDLR/0g==
  dependencies:
    commander "*"
    minimist "*"
    promise "*"

minimist@*:
  version "1.2.7"
  resolved "https://registry.yarnpkg.com/minimist/-/minimist-1.2.7.tgz#daa1c4d91f507390437c6a8bc01078e7000c4d18"
  integrity sha512-bzfL1YUZsP41gmu/qjrEk0Q6i2ix/cVeAhbCbqH9u3zYutS1cLg00qhrD0M2MVdCcx4Sc0UpP2eBWo9rotpq6g==

promise@*:
  version "8.3.0"
  resolved "https://registry.yarnpkg.com/promise/-/promise-8.3.0.tgz#8cb333d1edeb61ef23869fbb8a4ea0279ab60e0a"
  integrity sha512-rZPNPKTOYVNEEKFaq1HqTgOwZD+4/YHS5ukLzQCypkj+OkYx7iv0mA91lJlpPPZ8vMau3IIGj5Qlwrx+8iiSmg==
  dependencies:
    asap "~2.0.6"
